
Microsoft Visual Studio Solution File, Format Version 12.00
# Visual Studio 16
Project("{FAE04EC0-301F-11D3-BF4B-00C04F79EFBC}") = "Assembly-CSharp-firstpass", "Assembly-CSharp-firstpass.csproj", "{F5C4778A-96D5-86EE-A969-C89FABA125BE}"
EndProject
Project("{FAE04EC0-301F-11D3-BF4B-00C04F79EFBC}") = "Assembly-CSharp", "Assembly-CSharp.csproj", "{6F648BEA-8337-328A-4230-0AD362EFA8B7}"
EndProject
Project("{FAE04EC0-301F-11D3-BF4B-00C04F79EFBC}") = "Assembly-CSharp-Editor-firstpass", "Assembly-CSharp-Editor-firstpass.csproj", "{BAC96E61-8397-51F0-D9F2-8187DCB03BC9}"
EndProject
Project("{FAE04EC0-301F-11D3-BF4B-00C04F79EFBC}") = "Assembly-CSharp-Editor", "Assembly-CSharp-Editor.csproj", "{017D08F1-2E5F-C415-114A-90D5C8CE1F08}"
EndProject
Global
	GlobalSection(SolutionConfigurationPlatforms) = preSolution
		Debug|Any CPU = Debug|Any CPU
		Release|Any CPU = Release|Any CPU
	EndGlobalSection
	GlobalSection(ProjectConfigurationPlatforms) = postSolution
		{F5C4778A-96D5-86EE-A969-C89FABA125BE}.Debug|Any CPU.ActiveCfg = Debug|Any CPU
		{F5C4778A-96D5-86EE-A969-C89FABA125BE}.Debug|Any CPU.Build.0 = Debug|Any CPU
		{F5C4778A-96D5-86EE-A969-C89FABA125BE}.Release|Any CPU.ActiveCfg = Release|Any CPU
		{F5C4778A-96D5-86EE-A969-C89FABA125BE}.Release|Any CPU.Build.0 = Release|Any CPU
		{6F648BEA-8337-328A-4230-0AD362EFA8B7}.Debug|Any CPU.ActiveCfg = Debug|Any CPU
		{6F648BEA-8337-328A-4230-0AD362EFA8B7}.Debug|Any CPU.Build.0 = Debug|Any CPU
		{6F648BEA-8337-328A-4230-0AD362EFA8B7}.Release|Any CPU.ActiveCfg = Release|Any CPU
		{6F648BEA-8337-328A-4230-0AD362EFA8B7}.Release|Any CPU.Build.0 = Release|Any CPU
		{BAC96E61-8397-51F0-D9F2-8187DCB03BC9}.Debug|Any CPU.ActiveCfg = Debug|Any CPU
		{BAC96E61-8397-51F0-D9F2-8187DCB03BC9}.Debug|Any CPU.Build.0 = Debug|Any CPU
		{BAC96E61-8397-51F0-D9F2-8187DCB03BC9}.Release|Any CPU.ActiveCfg = Release|Any CPU
		{BAC96E61-8397-51F0-D9F2-8187DCB03BC9}.Release|Any CPU.Build.0 = Release|Any CPU
		{017D08F1-2E5F-C415-114A-90D5C8CE1F08}.Debug|Any CPU.ActiveCfg = Debug|Any CPU
		{017D08F1-2E5F-C415-114A-90D5C8CE1F08}.Debug|Any CPU.Build.0 = Debug|Any CPU
		{017D08F1-2E5F-C415-114A-90D5C8CE1F08}.Release|Any CPU.ActiveCfg = Release|Any CPU
		{017D08F1-2E5F-C415-114A-90D5C8CE1F08}.Release|Any CPU.Build.0 = Release|Any CPU
	EndGlobalSection
	GlobalSection(SolutionProperties) = preSolution
		HideSolutionNode = FALSE
	EndGlobalSection
EndGlobal
